
Microsoft Visual Studio Solution File, Format Version 12.00
# Visual Studio 15
VisualStudioVersion = 15.0.27428.2037
MinimumVisualStudioVersion = 10.0.40219.1
Project("{8BC9CEB8-8B4A-11D0-8D11-00A0C91BC942}") = "Project10", "Project10\Project10.vcxproj", "{2E5BBEE2-E4A9-4049-B6A7-D79CC8ABF618}"
EndProject
Global
	GlobalSection(SolutionConfigurationPlatforms) = preSolution
		Debug|x64 = Debug|x64
		Debug|x86 = Debug|x86
		Release|x64 = Release|x64
		Release|x86 = Release|x86
	EndGlobalSection
	GlobalSection(ProjectConfigurationPlatforms) = postSolution
		{2E5BBEE2-E4A9-4049-B6A7-D79CC8ABF618}.Debug|x64.ActiveCfg = Debug|x64
		{2E5BBEE2-E4A9-4049-B6A7-D79CC8ABF618}.Debug|x64.Build.0 = Debug|x64
		{2E5BBEE2-E4A9-4049-B6A7-D79CC8ABF618}.Debug|x86.ActiveCfg = Debug|Win32
		{2E5BBEE2-E4A9-4049-B6A7-D79CC8ABF618}.Debug|x86.Build.0 = Debug|Win32
		{2E5BBEE2-E4A9-4049-B6A7-D79CC8ABF618}.Release|x64.ActiveCfg = Release|x64
		{2E5BBEE2-E4A9-4049-B6A7-D79CC8ABF618}.Release|x64.Build.0 = Release|x64
		{2E5BBEE2-E4A9-4049-B6A7-D79CC8ABF618}.Release|x86.ActiveCfg = Release|Win32
		{2E5BBEE2-E4A9-4049-B6A7-D79CC8ABF618}.Release|x86.Build.0 = Release|Win32
	EndGlobalSection
	GlobalSection(SolutionProperties) = preSolution
		HideSolutionNode = FALSE
	EndGlobalSection
	GlobalSection(ExtensibilityGlobals) = postSolution
		SolutionGuid = {92083688-04F4-4C73-9763-2D465BAA3127}
	EndGlobalSection
EndGlobal
